
Microsoft Visual Studio Solution File, Format Version 12.00
# Visual Studio 15
VisualStudioVersion = 15.0.27703.2018
MinimumVisualStudioVersion = 10.0.40219.1
Project("{FAE04EC0-301F-11D3-BF4B-00C04F79EFBC}") = "VisualTexture_v2", "VisualTexture_v2.csproj", "{417149CF-7EF0-495A-A44F-E22E516A851D}"
EndProject
Global
	GlobalSection(SolutionConfigurationPlatforms) = preSolution
		Actualizacion|Any CPU = Actualizacion|Any CPU
		Debug|Any CPU = Debug|Any CPU
		Release|Any CPU = Release|Any CPU
	EndGlobalSection
	GlobalSection(ProjectConfigurationPlatforms) = postSolution
		{417149CF-7EF0-495A-A44F-E22E516A851D}.Actualizacion|Any CPU.ActiveCfg = Actualizacion|Any CPU
		{417149CF-7EF0-495A-A44F-E22E516A851D}.Actualizacion|Any CPU.Build.0 = Actualizacion|Any CPU
		{417149CF-7EF0-495A-A44F-E22E516A851D}.Debug|Any CPU.ActiveCfg = Release|Any CPU
		{417149CF-7EF0-495A-A44F-E22E516A851D}.Debug|Any CPU.Build.0 = Release|Any CPU
		{417149CF-7EF0-495A-A44F-E22E516A851D}.Release|Any CPU.ActiveCfg = Release|Any CPU
		{417149CF-7EF0-495A-A44F-E22E516A851D}.Release|Any CPU.Build.0 = Release|Any CPU
	EndGlobalSection
	GlobalSection(SolutionProperties) = preSolution
		HideSolutionNode = FALSE
	EndGlobalSection
	GlobalSection(ExtensibilityGlobals) = postSolution
		SolutionGuid = {4949D611-8A3A-4993-9FEB-3254FAEDBB68}
	EndGlobalSection
EndGlobal
